
Microsoft Visual Studio Solution File, Format Version 12.00
# Visual Studio Version 17
VisualStudioVersion = 17.0.31903.59
MinimumVisualStudioVersion = 10.0.40219.1
Project("{FAE04EC0-301F-11D3-BF4B-00C04F79EFBC}") = "StudentPhonebook", "StudentPhonebook\StudentPhonebook.csproj", "{F5CA2C8B-C187-40E7-A3B1-3C641558B8DB}"
EndProject
Project("{FAE04EC0-301F-11D3-BF4B-00C04F79EFBC}") = "StudentPhonebook.Tests", "StudentPhonebook.Tests\StudentPhonebook.Tests.csproj", "{7AA25062-7BF9-43D7-8275-E163CFA98DDB}"
EndProject
Global
	GlobalSection(SolutionConfigurationPlatforms) = preSolution
		Debug|Any CPU = Debug|Any CPU
		Release|Any CPU = Release|Any CPU
	EndGlobalSection
	GlobalSection(SolutionProperties) = preSolution
		HideSolutionNode = FALSE
	EndGlobalSection
	GlobalSection(ProjectConfigurationPlatforms) = postSolution
		{F5CA2C8B-C187-40E7-A3B1-3C641558B8DB}.Debug|Any CPU.ActiveCfg = Debug|Any CPU
		{F5CA2C8B-C187-40E7-A3B1-3C641558B8DB}.Debug|Any CPU.Build.0 = Debug|Any CPU
		{F5CA2C8B-C187-40E7-A3B1-3C641558B8DB}.Release|Any CPU.ActiveCfg = Release|Any CPU
		{F5CA2C8B-C187-40E7-A3B1-3C641558B8DB}.Release|Any CPU.Build.0 = Release|Any CPU
		{7AA25062-7BF9-43D7-8275-E163CFA98DDB}.Debug|Any CPU.ActiveCfg = Debug|Any CPU
		{7AA25062-7BF9-43D7-8275-E163CFA98DDB}.Debug|Any CPU.Build.0 = Debug|Any CPU
		{7AA25062-7BF9-43D7-8275-E163CFA98DDB}.Release|Any CPU.ActiveCfg = Release|Any CPU
		{7AA25062-7BF9-43D7-8275-E163CFA98DDB}.Release|Any CPU.Build.0 = Release|Any CPU
	EndGlobalSection
EndGlobal
